<?xml version="1.0"?>
<CONFIG>
  <ProjectOptions>
    <Version Value="9"/>
    <PathDelim Value="\"/>
    <General>
      <Flags>
        <MainUnitHasCreateFormStatements Value="False"/>
      </Flags>
      <MainUnit Value="0"/>
      <ResourceType Value="res"/>
      <UseXPManifest Value="True"/>
      <Icon Value="0"/>
      <ActiveWindowIndexAtStart Value="0"/>
    </General>
    <i18n>
      <EnableI18N LFM="False"/>
    </i18n>
    <VersionInfo>
      <StringTable ProductVersion=""/>
    </VersionInfo>
    <BuildModes Count="1" Active="Default">
      <Item1 Name="Default" Default="True"/>
    </BuildModes>
    <PublishOptions>
      <Version Value="2"/>
      <IncludeFileFilter Value="*.(pas|pp|inc|lfm|lpr|lrs|lpi|lpk|sh|xml)"/>
      <ExcludeFileFilter Value="*.(bak|ppu|o|so);*~;backup"/>
    </PublishOptions>
    <RunParams>
      <local>
        <FormatVersion Value="1"/>
      </local>
    </RunParams>
    <Units Count="7">
      <Unit0>
        <Filename Value="costest.lpr"/>
        <IsPartOfProject Value="True"/>
        <UnitName Value="costest"/>
        <EditorIndex Value="0"/>
        <WindowIndex Value="0"/>
        <TopLine Value="1"/>
        <CursorPos X="72" Y="82"/>
        <UsageCount Value="20"/>
        <Loaded Value="True"/>
      </Unit0>
      <Unit1>
        <Filename Value="..\..\fpcvalkyrie\src\vsdloutput.pas"/>
        <UnitName Value="vsdloutput"/>
        <EditorIndex Value="3"/>
        <WindowIndex Value="0"/>
        <TopLine Value="94"/>
        <CursorPos X="25" Y="179"/>
        <UsageCount Value="10"/>
        <Loaded Value="True"/>
      </Unit1>
      <Unit2>
        <Filename Value="dfplayer.pas"/>
        <UnitName Value="dfplayer"/>
        <IsVisibleTab Value="True"/>
        <EditorIndex Value="4"/>
        <WindowIndex Value="0"/>
        <TopLine Value="1013"/>
        <CursorPos X="73" Y="1113"/>
        <UsageCount Value="10"/>
        <Loaded Value="True"/>
      </Unit2>
      <Unit3>
        <Filename Value="dfbeing.pas"/>
        <UnitName Value="dfbeing"/>
        <EditorIndex Value="5"/>
        <WindowIndex Value="0"/>
        <TopLine Value="1"/>
        <CursorPos X="40" Y="10"/>
        <UsageCount Value="10"/>
        <Loaded Value="True"/>
      </Unit3>
      <Unit4>
        <Filename Value="dfoutput.pas"/>
        <UnitName Value="dfoutput"/>
        <EditorIndex Value="6"/>
        <WindowIndex Value="0"/>
        <TopLine Value="1078"/>
        <CursorPos X="1" Y="1121"/>
        <UsageCount Value="10"/>
        <Loaded Value="True"/>
      </Unit4>
      <Unit5>
        <Filename Value="..\..\fpcvalkyrie\src\vsdl.pas"/>
        <UnitName Value="vsdl"/>
        <EditorIndex Value="2"/>
        <WindowIndex Value="0"/>
        <TopLine Value="11"/>
        <CursorPos X="30" Y="130"/>
        <UsageCount Value="10"/>
        <Loaded Value="True"/>
      </Unit5>
      <Unit6>
        <Filename Value="C:\Compilers\Lazarus\fpc\2.4.4\source\packages\opengl\src\gl.pp"/>
        <UnitName Value="GL"/>
        <EditorIndex Value="1"/>
        <WindowIndex Value="0"/>
        <TopLine Value="1489"/>
        <CursorPos X="3" Y="1512"/>
        <UsageCount Value="10"/>
        <Loaded Value="True"/>
      </Unit6>
    </Units>
    <JumpHistory Count="22" HistoryIndex="21">
      <Position1>
        <Filename Value="costest.lpr"/>
        <Caret Line="6" Column="26" TopLine="1"/>
      </Position1>
      <Position2>
        <Filename Value="costest.lpr"/>
        <Caret Line="3" Column="52" TopLine="1"/>
      </Position2>
      <Position3>
        <Filename Value="costest.lpr"/>
        <Caret Line="6" Column="28" TopLine="1"/>
      </Position3>
      <Position4>
        <Filename Value="dfplayer.pas"/>
        <Caret Line="1" Column="1" TopLine="1"/>
      </Position4>
      <Position5>
        <Filename Value="dfbeing.pas"/>
        <Caret Line="1" Column="1" TopLine="1"/>
      </Position5>
      <Position6>
        <Filename Value="dfbeing.pas"/>
        <Caret Line="10" Column="40" TopLine="1"/>
      </Position6>
      <Position7>
        <Filename Value="dfoutput.pas"/>
        <Caret Line="24" Column="19" TopLine="24"/>
      </Position7>
      <Position8>
        <Filename Value="dfoutput.pas"/>
        <Caret Line="82" Column="14" TopLine="43"/>
      </Position8>
      <Position9>
        <Filename Value="dfoutput.pas"/>
        <Caret Line="84" Column="17" TopLine="45"/>
      </Position9>
      <Position10>
        <Filename Value="costest.lpr"/>
        <Caret Line="16" Column="5" TopLine="1"/>
      </Position10>
      <Position11>
        <Filename Value="costest.lpr"/>
        <Caret Line="37" Column="17" TopLine="1"/>
      </Position11>
      <Position12>
        <Filename Value="costest.lpr"/>
        <Caret Line="20" Column="13" TopLine="1"/>
      </Position12>
      <Position13>
        <Filename Value="costest.lpr"/>
        <Caret Line="3" Column="10" TopLine="1"/>
      </Position13>
      <Position14>
        <Filename Value="costest.lpr"/>
        <Caret Line="37" Column="16" TopLine="1"/>
      </Position14>
      <Position15>
        <Filename Value="costest.lpr"/>
        <Caret Line="11" Column="5" TopLine="1"/>
      </Position15>
      <Position16>
        <Filename Value="costest.lpr"/>
        <Caret Line="9" Column="23" TopLine="1"/>
      </Position16>
      <Position17>
        <Filename Value="costest.lpr"/>
        <Caret Line="13" Column="15" TopLine="1"/>
      </Position17>
      <Position18>
        <Filename Value="costest.lpr"/>
        <Caret Line="36" Column="1" TopLine="20"/>
      </Position18>
      <Position19>
        <Filename Value="costest.lpr"/>
        <Caret Line="12" Column="27" TopLine="1"/>
      </Position19>
      <Position20>
        <Filename Value="costest.lpr"/>
        <Caret Line="3" Column="31" TopLine="1"/>
      </Position20>
      <Position21>
        <Filename Value="costest.lpr"/>
        <Caret Line="81" Column="32" TopLine="57"/>
      </Position21>
      <Position22>
        <Filename Value="costest.lpr"/>
        <Caret Line="86" Column="15" TopLine="56"/>
      </Position22>
    </JumpHistory>
  </ProjectOptions>
  <CompilerOptions>
    <Version Value="10"/>
    <PathDelim Value="\"/>
    <Target>
      <Filename Value="..\bin\costest"/>
    </Target>
    <SearchPaths>
      <IncludeFiles Value="..\..\Jedi-SDL\SDL\Pas;..\bin;..\bin\lua;$(ProjOutDir)"/>
      <OtherUnitFiles Value="..\..\fpcvalkyrie\src;..\..\fpcvalkyrie\lua;..\..\Jedi-SDL\SDL\Pas;..\..\Jedi-SDL\smpeg\Pas;..\..\Jedi-SDL\SDL_mixer\Pas;..\..\Jedi-SDL\SDL_image\Pas;..\..\Jedi-SDL\SDL_ttf\Pas;..\..\Jedi-SDL\fmod\Pas"/>
      <UnitOutputDirectory Value="../tmp"/>
    </SearchPaths>
    <Other>
      <CompilerMessages>
        <UseMsgFile Value="True"/>
      </CompilerMessages>
      <CompilerPath Value="$(CompPath)"/>
    </Other>
  </CompilerOptions>
  <Debugging>
    <Exceptions Count="3">
      <Item1>
        <Name Value="EAbort"/>
      </Item1>
      <Item2>
        <Name Value="ECodetoolError"/>
      </Item2>
      <Item3>
        <Name Value="EFOpenError"/>
      </Item3>
    </Exceptions>
  </Debugging>
</CONFIG>
